
Microsoft Visual Studio Solution File, Format Version 12.00
# Visual Studio Version 17
VisualStudioVersion = 17.7.34221.43
MinimumVisualStudioVersion = 10.0.40219.1
Project("{FAE04EC0-301F-11D3-BF4B-00C04F79EFBC}") = "LocalFlagCalculator", "LocalFlagCalculator.csproj", "{204449A1-5C8E-4706-B69E-DBCFBD03DACB}"
EndProject
Global
	GlobalSection(SolutionConfigurationPlatforms) = preSolution
		Debug|Any CPU = Debug|Any CPU
		Release|Any CPU = Release|Any CPU
	EndGlobalSection
	GlobalSection(ProjectConfigurationPlatforms) = postSolution
		{204449A1-5C8E-4706-B69E-DBCFBD03DACB}.Debug|Any CPU.ActiveCfg = Debug|Any CPU
		{204449A1-5C8E-4706-B69E-DBCFBD03DACB}.Debug|Any CPU.Build.0 = Debug|Any CPU
		{204449A1-5C8E-4706-B69E-DBCFBD03DACB}.Release|Any CPU.ActiveCfg = Release|Any CPU
		{204449A1-5C8E-4706-B69E-DBCFBD03DACB}.Release|Any CPU.Build.0 = Release|Any CPU
	EndGlobalSection
	GlobalSection(SolutionProperties) = preSolution
		HideSolutionNode = FALSE
	EndGlobalSection
	GlobalSection(ExtensibilityGlobals) = postSolution
		SolutionGuid = {6F1EB219-196D-4ABA-AC41-FA995220B2A6}
	EndGlobalSection
EndGlobal
